// !$*UTF8*$!
{
	archiveVersion = 1;
	classes = {
	};
	objectVersion = 46;
	objects = {

/* Begin PBXBuildFile section */
		071CA7ABBA2710CAEF0F053A /* libPods.a in Frameworks */ = {isa = PBXBuildFile; fileRef = 53191CE5504432E91D71C069 /* libPods.a */; };
		464B7B3A7C378FE1847A6FEA /* libPods.a in Frameworks */ = {isa = PBXBuildFile; fileRef = 53191CE5504432E91D71C069 /* libPods.a */; };
		C408AF311B66C42E00E246A9 /* ActionRequestHandler.swift in Sources */ = {isa = PBXBuildFile; fileRef = C408AF301B66C42E00E246A9 /* ActionRequestHandler.swift */; };
		C408AF331B66C42E00E246A9 /* Action.js in Resources */ = {isa = PBXBuildFile; fileRef = C408AF321B66C42E00E246A9 /* Action.js */; };
		C408AF371B66C42E00E246A9 /* Action.appex in Embed App Extensions */ = {isa = PBXBuildFile; fileRef = C408AF2E1B66C42E00E246A9 /* Action.appex */; settings = {ATTRIBUTES = (RemoveHeadersOnCopy, ); }; };
		C435899D1B4AF54B00855274 /* CloudKit.framework in Frameworks */ = {isa = PBXBuildFile; fileRef = C435899C1B4AF54B00855274 /* CloudKit.framework */; };
		C43B88711B60272A0085A501 /* CloudKit.framework in Frameworks */ = {isa = PBXBuildFile; fileRef = C435899C1B4AF54B00855274 /* CloudKit.framework */; };
		C43BA1491B6E1B1900E57178 /* ListsManager.swift in Sources */ = {isa = PBXBuildFile; fileRef = C43BA1481B6E1B1900E57178 /* ListsManager.swift */; };
		C43BA14B1B6E1CD000E57178 /* SubscriptionsManager.swift in Sources */ = {isa = PBXBuildFile; fileRef = C43BA14A1B6E1CD000E57178 /* SubscriptionsManager.swift */; };
		C48225621B3E86DD00B0AA7F /* AppDelegate.swift in Sources */ = {isa = PBXBuildFile; fileRef = C48225611B3E86DD00B0AA7F /* AppDelegate.swift */; };
		C48225641B3E86DD00B0AA7F /* ViewController.swift in Sources */ = {isa = PBXBuildFile; fileRef = C48225631B3E86DD00B0AA7F /* ViewController.swift */; };
		C48225671B3E86DD00B0AA7F /* Main.storyboard in Resources */ = {isa = PBXBuildFile; fileRef = C48225651B3E86DD00B0AA7F /* Main.storyboard */; };
		C48225691B3E86DD00B0AA7F /* Assets.xcassets in Resources */ = {isa = PBXBuildFile; fileRef = C48225681B3E86DD00B0AA7F /* Assets.xcassets */; };
		C482256C1B3E86DD00B0AA7F /* LaunchScreen.storyboard in Resources */ = {isa = PBXBuildFile; fileRef = C482256A1B3E86DD00B0AA7F /* LaunchScreen.storyboard */; };
		C48225771B3E86DD00B0AA7F /* AdiosTests.swift in Sources */ = {isa = PBXBuildFile; fileRef = C48225761B3E86DD00B0AA7F /* AdiosTests.swift */; };
		C48225821B3E86DD00B0AA7F /* AdiosUITests.swift in Sources */ = {isa = PBXBuildFile; fileRef = C48225811B3E86DD00B0AA7F /* AdiosUITests.swift */; };
		C48225961B3E86E800B0AA7F /* blockerList.json in Resources */ = {isa = PBXBuildFile; fileRef = C48225951B3E86E800B0AA7F /* blockerList.json */; };
		C48225981B3E86E800B0AA7F /* ActionRequestHandler.swift in Sources */ = {isa = PBXBuildFile; fileRef = C48225971B3E86E800B0AA7F /* ActionRequestHandler.swift */; };
		C482259C1B3E86E800B0AA7F /* List.appex in Embed App Extensions */ = {isa = PBXBuildFile; fileRef = C48225931B3E86E800B0AA7F /* List.appex */; settings = {ATTRIBUTES = (RemoveHeadersOnCopy, ); }; };
		DDF46CE055AAA9CE0BE8AB01 /* libPods.a in Frameworks */ = {isa = PBXBuildFile; fileRef = 53191CE5504432E91D71C069 /* libPods.a */; };
/* End PBXBuildFile section */

/* Begin PBXContainerItemProxy section */
		C408AF351B66C42E00E246A9 /* PBXContainerItemProxy */ = {
			isa = PBXContainerItemProxy;
			containerPortal = C48225561B3E86DC00B0AA7F /* Project object */;
			proxyType = 1;
			remoteGlobalIDString = C408AF2D1B66C42E00E246A9;
			remoteInfo = Action;
		};
		C48225731B3E86DD00B0AA7F /* PBXContainerItemProxy */ = {
			isa = PBXContainerItemProxy;
			containerPortal = C48225561B3E86DC00B0AA7F /* Project object */;
			proxyType = 1;
			remoteGlobalIDString = C482255D1B3E86DD00B0AA7F;
			remoteInfo = Adios;
		};
		C482257E1B3E86DD00B0AA7F /* PBXContainerItemProxy */ = {
			isa = PBXContainerItemProxy;
			containerPortal = C48225561B3E86DC00B0AA7F /* Project object */;
			proxyType = 1;
			remoteGlobalIDString = C482255D1B3E86DD00B0AA7F;
			remoteInfo = Adios;
		};
		C482259A1B3E86E800B0AA7F /* PBXContainerItemProxy */ = {
			isa = PBXContainerItemProxy;
			containerPortal = C48225561B3E86DC00B0AA7F /* Project object */;
			proxyType = 1;
			remoteGlobalIDString = C48225921B3E86E800B0AA7F;
			remoteInfo = List;
		};
/* End PBXContainerItemProxy section */

/* Begin PBXCopyFilesBuildPhase section */
		C48225A01B3E86E800B0AA7F /* Embed App Extensions */ = {
			isa = PBXCopyFilesBuildPhase;
			buildActionMask = 2147483647;
			dstPath = "";
			dstSubfolderSpec = 13;
			files = (
				C408AF371B66C42E00E246A9 /* Action.appex in Embed App Extensions */,
				C482259C1B3E86E800B0AA7F /* List.appex in Embed App Extensions */,
			);
			name = "Embed App Extensions";
			runOnlyForDeploymentPostprocessing = 0;
		};
/* End PBXCopyFilesBuildPhase section */

/* Begin PBXFileReference section */
		53191CE5504432E91D71C069 /* libPods.a */ = {isa = PBXFileReference; explicitFileType = archive.ar; includeInIndex = 0; path = libPods.a; sourceTree = BUILT_PRODUCTS_DIR; };
		533B0C0C4164229AFAFF6A64 /* Pods.release.xcconfig */ = {isa = PBXFileReference; includeInIndex = 1; lastKnownFileType = text.xcconfig; name = Pods.release.xcconfig; path = "Pods/Target Support Files/Pods/Pods.release.xcconfig"; sourceTree = "<group>"; };
		C408AF2E1B66C42E00E246A9 /* Action.appex */ = {isa = PBXFileReference; explicitFileType = "wrapper.app-extension"; includeInIndex = 0; path = Action.appex; sourceTree = BUILT_PRODUCTS_DIR; };
		C408AF301B66C42E00E246A9 /* ActionRequestHandler.swift */ = {isa = PBXFileReference; lastKnownFileType = sourcecode.swift; path = ActionRequestHandler.swift; sourceTree = "<group>"; };
		C408AF321B66C42E00E246A9 /* Action.js */ = {isa = PBXFileReference; lastKnownFileType = sourcecode.javascript; path = Action.js; sourceTree = "<group>"; };
		C408AF341B66C42E00E246A9 /* Info.plist */ = {isa = PBXFileReference; lastKnownFileType = text.plist.xml; path = Info.plist; sourceTree = "<group>"; };
		C435899B1B4AF54800855274 /* List.entitlements */ = {isa = PBXFileReference; lastKnownFileType = text.xml; path = List.entitlements; sourceTree = "<group>"; };
		C435899C1B4AF54B00855274 /* CloudKit.framework */ = {isa = PBXFileReference; lastKnownFileType = wrapper.framework; name = CloudKit.framework; path = System/Library/Frameworks/CloudKit.framework; sourceTree = SDKROOT; };
		C43B88701B6026C50085A501 /* Adios.entitlements */ = {isa = PBXFileReference; lastKnownFileType = text.xml; path = Adios.entitlements; sourceTree = "<group>"; };
		C43BA1481B6E1B1900E57178 /* ListsManager.swift */ = {isa = PBXFileReference; fileEncoding = 4; lastKnownFileType = sourcecode.swift; path = ListsManager.swift; sourceTree = "<group>"; };
		C43BA14A1B6E1CD000E57178 /* SubscriptionsManager.swift */ = {isa = PBXFileReference; fileEncoding = 4; lastKnownFileType = sourcecode.swift; path = SubscriptionsManager.swift; sourceTree = "<group>"; };
		C4724A9C1B66CFB800D0B847 /* Action.entitlements */ = {isa = PBXFileReference; lastKnownFileType = text.xml; path = Action.entitlements; sourceTree = "<group>"; };
		C482255E1B3E86DD00B0AA7F /* Adios.app */ = {isa = PBXFileReference; explicitFileType = wrapper.application; includeInIndex = 0; path = Adios.app; sourceTree = BUILT_PRODUCTS_DIR; };
		C48225611B3E86DD00B0AA7F /* AppDelegate.swift */ = {isa = PBXFileReference; lastKnownFileType = sourcecode.swift; path = AppDelegate.swift; sourceTree = "<group>"; };
		C48225631B3E86DD00B0AA7F /* ViewController.swift */ = {isa = PBXFileReference; lastKnownFileType = sourcecode.swift; path = ViewController.swift; sourceTree = "<group>"; };
		C48225661B3E86DD00B0AA7F /* Base */ = {isa = PBXFileReference; lastKnownFileType = file.storyboard; name = Base; path = Base.lproj/Main.storyboard; sourceTree = "<group>"; };
		C48225681B3E86DD00B0AA7F /* Assets.xcassets */ = {isa = PBXFileReference; lastKnownFileType = folder.assetcatalog; path = Assets.xcassets; sourceTree = "<group>"; };
		C482256B1B3E86DD00B0AA7F /* Base */ = {isa = PBXFileReference; lastKnownFileType = file.storyboard; name = Base; path = Base.lproj/LaunchScreen.storyboard; sourceTree = "<group>"; };
		C482256D1B3E86DD00B0AA7F /* Info.plist */ = {isa = PBXFileReference; lastKnownFileType = text.plist.xml; path = Info.plist; sourceTree = "<group>"; };
		C48225721B3E86DD00B0AA7F /* AdiosTests.xctest */ = {isa = PBXFileReference; explicitFileType = wrapper.cfbundle; includeInIndex = 0; path = AdiosTests.xctest; sourceTree = BUILT_PRODUCTS_DIR; };
		C48225761B3E86DD00B0AA7F /* AdiosTests.swift */ = {isa = PBXFileReference; lastKnownFileType = sourcecode.swift; path = AdiosTests.swift; sourceTree = "<group>"; };
		C48225781B3E86DD00B0AA7F /* Info.plist */ = {isa = PBXFileReference; lastKnownFileType = text.plist.xml; path = Info.plist; sourceTree = "<group>"; };
		C482257D1B3E86DD00B0AA7F /* AdiosUITests.xctest */ = {isa = PBXFileReference; explicitFileType = wrapper.cfbundle; includeInIndex = 0; path = AdiosUITests.xctest; sourceTree = BUILT_PRODUCTS_DIR; };
		C48225811B3E86DD00B0AA7F /* AdiosUITests.swift */ = {isa = PBXFileReference; lastKnownFileType = sourcecode.swift; path = AdiosUITests.swift; sourceTree = "<group>"; };
		C48225831B3E86DD00B0AA7F /* Info.plist */ = {isa = PBXFileReference; lastKnownFileType = text.plist.xml; path = Info.plist; sourceTree = "<group>"; };
		C48225931B3E86E800B0AA7F /* List.appex */ = {isa = PBXFileReference; explicitFileType = "wrapper.app-extension"; includeInIndex = 0; path = List.appex; sourceTree = BUILT_PRODUCTS_DIR; };
		C48225951B3E86E800B0AA7F /* blockerList.json */ = {isa = PBXFileReference; lastKnownFileType = text.json; path = blockerList.json; sourceTree = "<group>"; };
		C48225971B3E86E800B0AA7F /* ActionRequestHandler.swift */ = {isa = PBXFileReference; lastKnownFileType = sourcecode.swift; path = ActionRequestHandler.swift; sourceTree = "<group>"; };
		C48225991B3E86E800B0AA7F /* Info.plist */ = {isa = PBXFileReference; lastKnownFileType = text.plist.xml; path = Info.plist; sourceTree = "<group>"; };
		C92F75532A4E330D8C72DD3B /* Pods.debug.xcconfig */ = {isa = PBXFileReference; includeInIndex = 1; lastKnownFileType = text.xcconfig; name = Pods.debug.xcconfig; path = "Pods/Target Support Files/Pods/Pods.debug.xcconfig"; sourceTree = "<group>"; };
/* End PBXFileReference section */

/* Begin PBXFrameworksBuildPhase section */
		C408AF2B1B66C42E00E246A9 /* Frameworks */ = {
			isa = PBXFrameworksBuildPhase;
			buildActionMask = 2147483647;
			files = (
				464B7B3A7C378FE1847A6FEA /* libPods.a in Frameworks */,
			);
			runOnlyForDeploymentPostprocessing = 0;
		};
		C482255B1B3E86DD00B0AA7F /* Frameworks */ = {
			isa = PBXFrameworksBuildPhase;
			buildActionMask = 2147483647;
			files = (
				C43B88711B60272A0085A501 /* CloudKit.framework in Frameworks */,
				071CA7ABBA2710CAEF0F053A /* libPods.a in Frameworks */,
			);
			runOnlyForDeploymentPostprocessing = 0;
		};
		C482256F1B3E86DD00B0AA7F /* Frameworks */ = {
			isa = PBXFrameworksBuildPhase;
			buildActionMask = 2147483647;
			files = (
			);
			runOnlyForDeploymentPostprocessing = 0;
		};
		C482257A1B3E86DD00B0AA7F /* Frameworks */ = {
			isa = PBXFrameworksBuildPhase;
			buildActionMask = 2147483647;
			files = (
			);
			runOnlyForDeploymentPostprocessing = 0;
		};
		C48225901B3E86E800B0AA7F /* Frameworks */ = {
			isa = PBXFrameworksBuildPhase;
			buildActionMask = 2147483647;
			files = (
				C435899D1B4AF54B00855274 /* CloudKit.framework in Frameworks */,
				DDF46CE055AAA9CE0BE8AB01 /* libPods.a in Frameworks */,
			);
			runOnlyForDeploymentPostprocessing = 0;
		};
/* End PBXFrameworksBuildPhase section */

/* Begin PBXGroup section */
		3B37D002AF121E1E80E7D7B8 /* Pods */ = {
			isa = PBXGroup;
			children = (
				C92F75532A4E330D8C72DD3B /* Pods.debug.xcconfig */,
				533B0C0C4164229AFAFF6A64 /* Pods.release.xcconfig */,
			);
			name = Pods;
			sourceTree = "<group>";
		};
		C408AF2F1B66C42E00E246A9 /* Action */ = {
			isa = PBXGroup;
			children = (
				C4724A9C1B66CFB800D0B847 /* Action.entitlements */,
				C408AF301B66C42E00E246A9 /* ActionRequestHandler.swift */,
				C408AF321B66C42E00E246A9 /* Action.js */,
				C408AF341B66C42E00E246A9 /* Info.plist */,
			);
			path = Action;
			sourceTree = "<group>";
		};
		C43B886F1B6026720085A501 /* Frameworks */ = {
			isa = PBXGroup;
			children = (
				C435899C1B4AF54B00855274 /* CloudKit.framework */,
				53191CE5504432E91D71C069 /* libPods.a */,
			);
			name = Frameworks;
			sourceTree = "<group>";
		};
		C43B88721B6029E20085A501 /* Supporting Files */ = {
			isa = PBXGroup;
			children = (
				C43B88701B6026C50085A501 /* Adios.entitlements */,
				C482256D1B3E86DD00B0AA7F /* Info.plist */,
			);
			name = "Supporting Files";
			sourceTree = "<group>";
		};
		C43B88731B602A040085A501 /* Supporting Files */ = {
			isa = PBXGroup;
			children = (
				C435899B1B4AF54800855274 /* List.entitlements */,
				C48225991B3E86E800B0AA7F /* Info.plist */,
			);
			name = "Supporting Files";
			sourceTree = "<group>";
		};
		C43BA14C1B6E1CF700E57178 /* Model */ = {
			isa = PBXGroup;
			children = (
				C43BA1481B6E1B1900E57178 /* ListsManager.swift */,
				C43BA14A1B6E1CD000E57178 /* SubscriptionsManager.swift */,
			);
			name = Model;
			sourceTree = "<group>";
		};
		C48225551B3E86DC00B0AA7F = {
			isa = PBXGroup;
			children = (
				C48225601B3E86DD00B0AA7F /* App */,
				C48225941B3E86E800B0AA7F /* List */,
				C48225751B3E86DD00B0AA7F /* AdiosTests */,
				C48225801B3E86DD00B0AA7F /* AdiosUITests */,
				C408AF2F1B66C42E00E246A9 /* Action */,
				C482255F1B3E86DD00B0AA7F /* Products */,
				C43B886F1B6026720085A501 /* Frameworks */,
				3B37D002AF121E1E80E7D7B8 /* Pods */,
			);
			sourceTree = "<group>";
		};
		C482255F1B3E86DD00B0AA7F /* Products */ = {
			isa = PBXGroup;
			children = (
				C482255E1B3E86DD00B0AA7F /* Adios.app */,
				C48225721B3E86DD00B0AA7F /* AdiosTests.xctest */,
				C482257D1B3E86DD00B0AA7F /* AdiosUITests.xctest */,
				C48225931B3E86E800B0AA7F /* List.appex */,
				C408AF2E1B66C42E00E246A9 /* Action.appex */,
			);
			name = Products;
			sourceTree = "<group>";
		};
		C48225601B3E86DD00B0AA7F /* App */ = {
			isa = PBXGroup;
			children = (
				C48225611B3E86DD00B0AA7F /* AppDelegate.swift */,
				C48225631B3E86DD00B0AA7F /* ViewController.swift */,
				C48225651B3E86DD00B0AA7F /* Main.storyboard */,
				C48225681B3E86DD00B0AA7F /* Assets.xcassets */,
				C482256A1B3E86DD00B0AA7F /* LaunchScreen.storyboard */,
				C43B88721B6029E20085A501 /* Supporting Files */,
				C43BA14C1B6E1CF700E57178 /* Model */,
			);
			name = App;
			path = Adios;
			sourceTree = "<group>";
		};
		C48225751B3E86DD00B0AA7F /* AdiosTests */ = {
			isa = PBXGroup;
			children = (
				C48225761B3E86DD00B0AA7F /* AdiosTests.swift */,
				C48225781B3E86DD00B0AA7F /* Info.plist */,
			);
			path = AdiosTests;
			sourceTree = "<group>";
		};
		C48225801B3E86DD00B0AA7F /* AdiosUITests */ = {
			isa = PBXGroup;
			children = (
				C48225811B3E86DD00B0AA7F /* AdiosUITests.swift */,
				C48225831B3E86DD00B0AA7F /* Info.plist */,
			);
			path = AdiosUITests;
			sourceTree = "<group>";
		};
		C48225941B3E86E800B0AA7F /* List */ = {
			isa = PBXGroup;
			children = (
				C48225951B3E86E800B0AA7F /* blockerList.json */,
				C48225971B3E86E800B0AA7F /* ActionRequestHandler.swift */,
				C43B88731B602A040085A501 /* Supporting Files */,
			);
			path = List;
			sourceTree = "<group>";
		};
/* End PBXGroup section */

/* Begin PBXNativeTarget section */
		C408AF2D1B66C42E00E246A9 /* Action */ = {
			isa = PBXNativeTarget;
			buildConfigurationList = C408AF3A1B66C42E00E246A9 /* Build configuration list for PBXNativeTarget "Action" */;
			buildPhases = (
				92F4105212040AF1A7799281 /* Check Pods Manifest.lock */,
				C408AF2A1B66C42E00E246A9 /* Sources */,
				C408AF2B1B66C42E00E246A9 /* Frameworks */,
				C408AF2C1B66C42E00E246A9 /* Resources */,
				7D3B6E4C8310A8D0AA61632D /* Copy Pods Resources */,
			);
			buildRules = (
			);
			dependencies = (
			);
			name = Action;
			productName = Action;
			productReference = C408AF2E1B66C42E00E246A9 /* Action.appex */;
			productType = "com.apple.product-type.app-extension";
		};
		C482255D1B3E86DD00B0AA7F /* Adios */ = {
			isa = PBXNativeTarget;
			buildConfigurationList = C48225861B3E86DD00B0AA7F /* Build configuration list for PBXNativeTarget "Adios" */;
			buildPhases = (
				E6E16F8E658D3F7C1C132647 /* Check Pods Manifest.lock */,
				C482255A1B3E86DD00B0AA7F /* Sources */,
				C482255B1B3E86DD00B0AA7F /* Frameworks */,
				C482255C1B3E86DD00B0AA7F /* Resources */,
				C48225A01B3E86E800B0AA7F /* Embed App Extensions */,
				C11ADE89922A3E33E0179696 /* Copy Pods Resources */,
			);
			buildRules = (
			);
			dependencies = (
				C482259B1B3E86E800B0AA7F /* PBXTargetDependency */,
				C408AF361B66C42E00E246A9 /* PBXTargetDependency */,
			);
			name = Adios;
			productName = Adios;
			productReference = C482255E1B3E86DD00B0AA7F /* Adios.app */;
			productType = "com.apple.product-type.application";
		};
		C48225711B3E86DD00B0AA7F /* AdiosTests */ = {
			isa = PBXNativeTarget;
			buildConfigurationList = C48225891B3E86DD00B0AA7F /* Build configuration list for PBXNativeTarget "AdiosTests" */;
			buildPhases = (
				C482256E1B3E86DD00B0AA7F /* Sources */,
				C482256F1B3E86DD00B0AA7F /* Frameworks */,
				C48225701B3E86DD00B0AA7F /* Resources */,
			);
			buildRules = (
			);
			dependencies = (
				C48225741B3E86DD00B0AA7F /* PBXTargetDependency */,
			);
			name = AdiosTests;
			productName = AdiosTests;
			productReference = C48225721B3E86DD00B0AA7F /* AdiosTests.xctest */;
			productType = "com.apple.product-type.bundle.unit-test";
		};
		C482257C1B3E86DD00B0AA7F /* AdiosUITests */ = {
			isa = PBXNativeTarget;
			buildConfigurationList = C482258C1B3E86DD00B0AA7F /* Build configuration list for PBXNativeTarget "AdiosUITests" */;
			buildPhases = (
				C48225791B3E86DD00B0AA7F /* Sources */,
				C482257A1B3E86DD00B0AA7F /* Frameworks */,
				C482257B1B3E86DD00B0AA7F /* Resources */,
			);
			buildRules = (
			);
			dependencies = (
				C482257F1B3E86DD00B0AA7F /* PBXTargetDependency */,
			);
			name = AdiosUITests;
			productName = AdiosUITests;
			productReference = C482257D1B3E86DD00B0AA7F /* AdiosUITests.xctest */;
			productType = "com.apple.product-type.bundle.ui-testing";
		};
		C48225921B3E86E800B0AA7F /* List */ = {
			isa = PBXNativeTarget;
			buildConfigurationList = C482259D1B3E86E800B0AA7F /* Build configuration list for PBXNativeTarget "List" */;
			buildPhases = (
				B37D3C6B2450C5C0D38CCF9A /* Check Pods Manifest.lock */,
				C482258F1B3E86E800B0AA7F /* Sources */,
				C48225901B3E86E800B0AA7F /* Frameworks */,
				C48225911B3E86E800B0AA7F /* Resources */,
				DCED1F255BE25CD526A9C61A /* Copy Pods Resources */,
			);
			buildRules = (
			);
			dependencies = (
			);
			name = List;
			productName = List;
			productReference = C48225931B3E86E800B0AA7F /* List.appex */;
			productType = "com.apple.product-type.app-extension";
		};
/* End PBXNativeTarget section */

/* Begin PBXProject section */
		C48225561B3E86DC00B0AA7F /* Project object */ = {
			isa = PBXProject;
			attributes = {
				LastUpgradeCheck = 0700;
				ORGANIZATIONNAME = "Armand Grillet";
				TargetAttributes = {
					C408AF2D1B66C42E00E246A9 = {
						CreatedOnToolsVersion = 7.0;
						DevelopmentTeam = BL4CLL95SL;
						SystemCapabilities = {
							com.apple.ApplicationGroups.iOS = {
								enabled = 1;
							};
						};
					};
					C482255D1B3E86DD00B0AA7F = {
						CreatedOnToolsVersion = 7.0;
						DevelopmentTeam = BL4CLL95SL;
						SystemCapabilities = {
							com.apple.ApplicationGroups.iOS = {
								enabled = 1;
							};
							com.apple.BackgroundModes = {
								enabled = 1;
							};
							com.apple.iCloud = {
								enabled = 1;
							};
						};
					};
					C48225711B3E86DD00B0AA7F = {
						CreatedOnToolsVersion = 7.0;
						TestTargetID = C482255D1B3E86DD00B0AA7F;
					};
					C482257C1B3E86DD00B0AA7F = {
						CreatedOnToolsVersion = 7.0;
						TestTargetID = C482255D1B3E86DD00B0AA7F;
					};
					C48225921B3E86E800B0AA7F = {
						CreatedOnToolsVersion = 7.0;
						DevelopmentTeam = BL4CLL95SL;
						SystemCapabilities = {
							com.apple.iCloud = {
								enabled = 1;
							};
						};
					};
				};
			};
			buildConfigurationList = C48225591B3E86DC00B0AA7F /* Build configuration list for PBXProject "Adios" */;
			compatibilityVersion = "Xcode 3.2";
			developmentRegion = English;
			hasScannedForEncodings = 0;
			knownRegions = (
				en,
				Base,
			);
			mainGroup = C48225551B3E86DC00B0AA7F;
			productRefGroup = C482255F1B3E86DD00B0AA7F /* Products */;
			projectDirPath = "";
			projectRoot = "";
			targets = (
				C482255D1B3E86DD00B0AA7F /* Adios */,
				C48225711B3E86DD00B0AA7F /* AdiosTests */,
				C482257C1B3E86DD00B0AA7F /* AdiosUITests */,
				C48225921B3E86E800B0AA7F /* List */,
				C408AF2D1B66C42E00E246A9 /* Action */,
			);
		};
/* End PBXProject section */

/* Begin PBXResourcesBuildPhase section */
		C408AF2C1B66C42E00E246A9 /* Resources */ = {
			isa = PBXResourcesBuildPhase;
			buildActionMask = 2147483647;
			files = (
				C408AF331B66C42E00E246A9 /* Action.js in Resources */,
			);
			runOnlyForDeploymentPostprocessing = 0;
		};
		C482255C1B3E86DD00B0AA7F /* Resources */ = {
			isa = PBXResourcesBuildPhase;
			buildActionMask = 2147483647;
			files = (
				C482256C1B3E86DD00B0AA7F /* LaunchScreen.storyboard in Resources */,
				C48225691B3E86DD00B0AA7F /* Assets.xcassets in Resources */,
				C48225671B3E86DD00B0AA7F /* Main.storyboard in Resources */,
			);
			runOnlyForDeploymentPostprocessing = 0;
		};
		C48225701B3E86DD00B0AA7F /* Resources */ = {
			isa = PBXResourcesBuildPhase;
			buildActionMask = 2147483647;
			files = (
			);
			runOnlyForDeploymentPostprocessing = 0;
		};
		C482257B1B3E86DD00B0AA7F /* Resources */ = {
			isa = PBXResourcesBuildPhase;
			buildActionMask = 2147483647;
			files = (
			);
			runOnlyForDeploymentPostprocessing = 0;
		};
		C48225911B3E86E800B0AA7F /* Resources */ = {
			isa = PBXResourcesBuildPhase;
			buildActionMask = 2147483647;
			files = (
				C48225961B3E86E800B0AA7F /* blockerList.json in Resources */,
			);
			runOnlyForDeploymentPostprocessing = 0;
		};
/* End PBXResourcesBuildPhase section */

/* Begin PBXShellScriptBuildPhase section */
		7D3B6E4C8310A8D0AA61632D /* Copy Pods Resources */ = {
			isa = PBXShellScriptBuildPhase;
			buildActionMask = 2147483647;
			files = (
			);
			inputPaths = (
			);
			name = "Copy Pods Resources";
			outputPaths = (
			);
			runOnlyForDeploymentPostprocessing = 0;
			shellPath = /bin/sh;
			shellScript = "\"${SRCROOT}/Pods/Target Support Files/Pods/Pods-resources.sh\"\n";
			showEnvVarsInLog = 0;
		};
		92F4105212040AF1A7799281 /* Check Pods Manifest.lock */ = {
			isa = PBXShellScriptBuildPhase;
			buildActionMask = 2147483647;
			files = (
			);
			inputPaths = (
			);
			name = "Check Pods Manifest.lock";
			outputPaths = (
			);
			runOnlyForDeploymentPostprocessing = 0;
			shellPath = /bin/sh;
			shellScript = "diff \"${PODS_ROOT}/../Podfile.lock\" \"${PODS_ROOT}/Manifest.lock\" > /dev/null\nif [[ $? != 0 ]] ; then\n    cat << EOM\nerror: The sandbox is not in sync with the Podfile.lock. Run 'pod install' or update your CocoaPods installation.\nEOM\n    exit 1\nfi\n";
			showEnvVarsInLog = 0;
		};
		B37D3C6B2450C5C0D38CCF9A /* Check Pods Manifest.lock */ = {
			isa = PBXShellScriptBuildPhase;
			buildActionMask = 2147483647;
			files = (
			);
			inputPaths = (
			);
			name = "Check Pods Manifest.lock";
			outputPaths = (
			);
			runOnlyForDeploymentPostprocessing = 0;
			shellPath = /bin/sh;
			shellScript = "diff \"${PODS_ROOT}/../Podfile.lock\" \"${PODS_ROOT}/Manifest.lock\" > /dev/null\nif [[ $? != 0 ]] ; then\n    cat << EOM\nerror: The sandbox is not in sync with the Podfile.lock. Run 'pod install' or update your CocoaPods installation.\nEOM\n    exit 1\nfi\n";
			showEnvVarsInLog = 0;
		};
		C11ADE89922A3E33E0179696 /* Copy Pods Resources */ = {
			isa = PBXShellScriptBuildPhase;
			buildActionMask = 2147483647;
			files = (
			);
			inputPaths = (
			);
			name = "Copy Pods Resources";
			outputPaths = (
			);
			runOnlyForDeploymentPostprocessing = 0;
			shellPath = /bin/sh;
			shellScript = "\"${SRCROOT}/Pods/Target Support Files/Pods/Pods-resources.sh\"\n";
			showEnvVarsInLog = 0;
		};
		DCED1F255BE25CD526A9C61A /* Copy Pods Resources */ = {
			isa = PBXShellScriptBuildPhase;
			buildActionMask = 2147483647;
			files = (
			);
			inputPaths = (
			);
			name = "Copy Pods Resources";
			outputPaths = (
			);
			runOnlyForDeploymentPostprocessing = 0;
			shellPath = /bin/sh;
			shellScript = "\"${SRCROOT}/Pods/Target Support Files/Pods/Pods-resources.sh\"\n";
			showEnvVarsInLog = 0;
		};
		E6E16F8E658D3F7C1C132647 /* Check Pods Manifest.lock */ = {
			isa = PBXShellScriptBuildPhase;
			buildActionMask = 2147483647;
			files = (
			);
			inputPaths = (
			);
			name = "Check Pods Manifest.lock";
			outputPaths = (
			);
			runOnlyForDeploymentPostprocessing = 0;
			shellPath = /bin/sh;
			shellScript = "diff \"${PODS_ROOT}/../Podfile.lock\" \"${PODS_ROOT}/Manifest.lock\" > /dev/null\nif [[ $? != 0 ]] ; then\n    cat << EOM\nerror: The sandbox is not in sync with the Podfile.lock. Run 'pod install' or update your CocoaPods installation.\nEOM\n    exit 1\nfi\n";
			showEnvVarsInLog = 0;
		};
/* End PBXShellScriptBuildPhase section */

/* Begin PBXSourcesBuildPhase section */
		C408AF2A1B66C42E00E246A9 /* Sources */ = {
			isa = PBXSourcesBuildPhase;
			buildActionMask = 2147483647;
			files = (
				C408AF311B66C42E00E246A9 /* ActionRequestHandler.swift in Sources */,
			);
			runOnlyForDeploymentPostprocessing = 0;
		};
		C482255A1B3E86DD00B0AA7F /* Sources */ = {
			isa = PBXSourcesBuildPhase;
			buildActionMask = 2147483647;
			files = (
				C43BA14B1B6E1CD000E57178 /* SubscriptionsManager.swift in Sources */,
				C48225641B3E86DD00B0AA7F /* ViewController.swift in Sources */,
				C43BA1491B6E1B1900E57178 /* ListsManager.swift in Sources */,
				C48225621B3E86DD00B0AA7F /* AppDelegate.swift in Sources */,
			);
			runOnlyForDeploymentPostprocessing = 0;
		};
		C482256E1B3E86DD00B0AA7F /* Sources */ = {
			isa = PBXSourcesBuildPhase;
			buildActionMask = 2147483647;
			files = (
				C48225771B3E86DD00B0AA7F /* AdiosTests.swift in Sources */,
			);
			runOnlyForDeploymentPostprocessing = 0;
		};
		C48225791B3E86DD00B0AA7F /* Sources */ = {
			isa = PBXSourcesBuildPhase;
			buildActionMask = 2147483647;
			files = (
				C48225821B3E86DD00B0AA7F /* AdiosUITests.swift in Sources */,
			);
			runOnlyForDeploymentPostprocessing = 0;
		};
		C482258F1B3E86E800B0AA7F /* Sources */ = {
			isa = PBXSourcesBuildPhase;
			buildActionMask = 2147483647;
			files = (
				C48225981B3E86E800B0AA7F /* ActionRequestHandler.swift in Sources */,
			);
			runOnlyForDeploymentPostprocessing = 0;
		};
/* End PBXSourcesBuildPhase section */

/* Begin PBXTargetDependency section */
		C408AF361B66C42E00E246A9 /* PBXTargetDependency */ = {
			isa = PBXTargetDependency;
			target = C408AF2D1B66C42E00E246A9 /* Action */;
			targetProxy = C408AF351B66C42E00E246A9 /* PBXContainerItemProxy */;
		};
		C48225741B3E86DD00B0AA7F /* PBXTargetDependency */ = {
			isa = PBXTargetDependency;
			target = C482255D1B3E86DD00B0AA7F /* Adios */;
			targetProxy = C48225731B3E86DD00B0AA7F /* PBXContainerItemProxy */;
		};
		C482257F1B3E86DD00B0AA7F /* PBXTargetDependency */ = {
			isa = PBXTargetDependency;
			target = C482255D1B3E86DD00B0AA7F /* Adios */;
			targetProxy = C482257E1B3E86DD00B0AA7F /* PBXContainerItemProxy */;
		};
		C482259B1B3E86E800B0AA7F /* PBXTargetDependency */ = {
			isa = PBXTargetDependency;
			target = C48225921B3E86E800B0AA7F /* List */;
			targetProxy = C482259A1B3E86E800B0AA7F /* PBXContainerItemProxy */;
		};
/* End PBXTargetDependency section */

/* Begin PBXVariantGroup section */
		C48225651B3E86DD00B0AA7F /* Main.storyboard */ = {
			isa = PBXVariantGroup;
			children = (
				C48225661B3E86DD00B0AA7F /* Base */,
			);
			name = Main.storyboard;
			sourceTree = "<group>";
		};
		C482256A1B3E86DD00B0AA7F /* LaunchScreen.storyboard */ = {
			isa = PBXVariantGroup;
			children = (
				C482256B1B3E86DD00B0AA7F /* Base */,
			);
			name = LaunchScreen.storyboard;
			sourceTree = "<group>";
		};
/* End PBXVariantGroup section */

/* Begin XCBuildConfiguration section */
		C408AF381B66C42E00E246A9 /* Debug */ = {
			isa = XCBuildConfiguration;
			baseConfigurationReference = C92F75532A4E330D8C72DD3B /* Pods.debug.xcconfig */;
			buildSettings = {
				CODE_SIGN_ENTITLEMENTS = Action/Action.entitlements;
				CODE_SIGN_IDENTITY = "iPhone Developer";
				"CODE_SIGN_IDENTITY[sdk=iphoneos*]" = "iPhone Developer";
				INFOPLIST_FILE = Action/Info.plist;
				LD_RUNPATH_SEARCH_PATHS = "$(inherited) @executable_path/Frameworks @executable_path/../../Frameworks";
				PRODUCT_BUNDLE_IDENTIFIER = AG.Adios.Action;
				PRODUCT_NAME = "$(TARGET_NAME)";
				SKIP_INSTALL = YES;
			};
			name = Debug;
		};
		C408AF391B66C42E00E246A9 /* Release */ = {
			isa = XCBuildConfiguration;
			baseConfigurationReference = 533B0C0C4164229AFAFF6A64 /* Pods.release.xcconfig */;
			buildSettings = {
				CODE_SIGN_ENTITLEMENTS = Action/Action.entitlements;
				CODE_SIGN_IDENTITY = "iPhone Developer";
				"CODE_SIGN_IDENTITY[sdk=iphoneos*]" = "iPhone Developer";
				INFOPLIST_FILE = Action/Info.plist;
				LD_RUNPATH_SEARCH_PATHS = "$(inherited) @executable_path/Frameworks @executable_path/../../Frameworks";
				PRODUCT_BUNDLE_IDENTIFIER = AG.Adios.Action;
				PRODUCT_NAME = "$(TARGET_NAME)";
				SKIP_INSTALL = YES;
			};
			name = Release;
		};
		C48225841B3E86DD00B0AA7F /* Debug */ = {
			isa = XCBuildConfiguration;
			buildSettings = {
				ALWAYS_SEARCH_USER_PATHS = NO;
				CLANG_CXX_LANGUAGE_STANDARD = "gnu++0x";
				CLANG_CXX_LIBRARY = "libc++";
				CLANG_ENABLE_MODULES = YES;
				CLANG_ENABLE_OBJC_ARC = YES;
				CLANG_WARN_BOOL_CONVERSION = YES;
				CLANG_WARN_CONSTANT_CONVERSION = YES;
				CLANG_WARN_DIRECT_OBJC_ISA_USAGE = YES_ERROR;
				CLANG_WARN_EMPTY_BODY = YES;
				CLANG_WARN_ENUM_CONVERSION = YES;
				CLANG_WARN_INT_CONVERSION = YES;
				CLANG_WARN_OBJC_ROOT_CLASS = YES_ERROR;
				CLANG_WARN_UNREACHABLE_CODE = YES;
				CLANG_WARN__DUPLICATE_METHOD_MATCH = YES;
				"CODE_SIGN_IDENTITY[sdk=iphoneos*]" = "iPhone Developer";
				COPY_PHASE_STRIP = NO;
				DEBUG_INFORMATION_FORMAT = dwarf;
				ENABLE_STRICT_OBJC_MSGSEND = YES;
				ENABLE_TESTABILITY = YES;
				GCC_C_LANGUAGE_STANDARD = gnu99;
				GCC_DYNAMIC_NO_PIC = NO;
				GCC_NO_COMMON_BLOCKS = YES;
				GCC_OPTIMIZATION_LEVEL = 0;
				GCC_PREPROCESSOR_DEFINITIONS = (
					"DEBUG=1",
					"$(inherited)",
				);
				GCC_WARN_64_TO_32_BIT_CONVERSION = YES;
				GCC_WARN_ABOUT_RETURN_TYPE = YES_ERROR;
				GCC_WARN_UNDECLARED_SELECTOR = YES;
				GCC_WARN_UNINITIALIZED_AUTOS = YES_AGGRESSIVE;
				GCC_WARN_UNUSED_FUNCTION = YES;
				GCC_WARN_UNUSED_VARIABLE = YES;
				IPHONEOS_DEPLOYMENT_TARGET = 9.0;
				MTL_ENABLE_DEBUG_INFO = YES;
				ONLY_ACTIVE_ARCH = YES;
				SDKROOT = iphoneos;
				SWIFT_OPTIMIZATION_LEVEL = "-Onone";
				TARGETED_DEVICE_FAMILY = "1,2";
			};
			name = Debug;
		};
		C48225851B3E86DD00B0AA7F /* Release */ = {
			isa = XCBuildConfiguration;
			buildSettings = {
				ALWAYS_SEARCH_USER_PATHS = NO;
				CLANG_CXX_LANGUAGE_STANDARD = "gnu++0x";
				CLANG_CXX_LIBRARY = "libc++";
				CLANG_ENABLE_MODULES = YES;
				CLANG_ENABLE_OBJC_ARC = YES;
				CLANG_WARN_BOOL_CONVERSION = YES;
				CLANG_WARN_CONSTANT_CONVERSION = YES;
				CLANG_WARN_DIRECT_OBJC_ISA_USAGE = YES_ERROR;
				CLANG_WARN_EMPTY_BODY = YES;
				CLANG_WARN_ENUM_CONVERSION = YES;
				CLANG_WARN_INT_CONVERSION = YES;
				CLANG_WARN_OBJC_ROOT_CLASS = YES_ERROR;
				CLANG_WARN_UNREACHABLE_CODE = YES;
				CLANG_WARN__DUPLICATE_METHOD_MATCH = YES;
				"CODE_SIGN_IDENTITY[sdk=iphoneos*]" = "iPhone Developer";
				COPY_PHASE_STRIP = NO;
				DEBUG_INFORMATION_FORMAT = "dwarf-with-dsym";
				ENABLE_NS_ASSERTIONS = NO;
				ENABLE_STRICT_OBJC_MSGSEND = YES;
				GCC_C_LANGUAGE_STANDARD = gnu99;
				GCC_NO_COMMON_BLOCKS = YES;
				GCC_WARN_64_TO_32_BIT_CONVERSION = YES;
				GCC_WARN_ABOUT_RETURN_TYPE = YES_ERROR;
				GCC_WARN_UNDECLARED_SELECTOR = YES;
				GCC_WARN_UNINITIALIZED_AUTOS = YES_AGGRESSIVE;
				GCC_WARN_UNUSED_FUNCTION = YES;
				GCC_WARN_UNUSED_VARIABLE = YES;
				IPHONEOS_DEPLOYMENT_TARGET = 9.0;
				MTL_ENABLE_DEBUG_INFO = NO;
				SDKROOT = iphoneos;
				TARGETED_DEVICE_FAMILY = "1,2";
				VALIDATE_PRODUCT = YES;
			};
			name = Release;
		};
		C48225871B3E86DD00B0AA7F /* Debug */ = {
			isa = XCBuildConfiguration;
			baseConfigurationReference = C92F75532A4E330D8C72DD3B /* Pods.debug.xcconfig */;
			buildSettings = {
				ASSETCATALOG_COMPILER_APPICON_NAME = AppIcon;
				CODE_SIGN_ENTITLEMENTS = Adios/Adios.entitlements;
				CODE_SIGN_IDENTITY = "iPhone Developer";
				"CODE_SIGN_IDENTITY[sdk=iphoneos*]" = "iPhone Developer";
				EMBEDDED_CONTENT_CONTAINS_SWIFT = YES;
				INFOPLIST_FILE = Adios/Info.plist;
				LD_RUNPATH_SEARCH_PATHS = "$(inherited) @executable_path/Frameworks";
				PRODUCT_BUNDLE_IDENTIFIER = AG.Adios;
				PRODUCT_NAME = "$(TARGET_NAME)";
				PROVISIONING_PROFILE = "";
			};
			name = Debug;
		};
		C48225881B3E86DD00B0AA7F /* Release */ = {
			isa = XCBuildConfiguration;
			baseConfigurationReference = 533B0C0C4164229AFAFF6A64 /* Pods.release.xcconfig */;
			buildSettings = {
				ASSETCATALOG_COMPILER_APPICON_NAME = AppIcon;
				CODE_SIGN_ENTITLEMENTS = Adios/Adios.entitlements;
				CODE_SIGN_IDENTITY = "iPhone Developer";
				"CODE_SIGN_IDENTITY[sdk=iphoneos*]" = "iPhone Developer";
				EMBEDDED_CONTENT_CONTAINS_SWIFT = YES;
				INFOPLIST_FILE = Adios/Info.plist;
				LD_RUNPATH_SEARCH_PATHS = "$(inherited) @executable_path/Frameworks";
				PRODUCT_BUNDLE_IDENTIFIER = AG.Adios;
				PRODUCT_NAME = "$(TARGET_NAME)";
				PROVISIONING_PROFILE = "";
			};
			name = Release;
		};
		C482258A1B3E86DD00B0AA7F /* Debug */ = {
			isa = XCBuildConfiguration;
			buildSettings = {
				BUNDLE_LOADER = "$(TEST_HOST)";
				INFOPLIST_FILE = AdiosTests/Info.plist;
				LD_RUNPATH_SEARCH_PATHS = "$(inherited) @executable_path/Frameworks @loader_path/Frameworks";
				PRODUCT_BUNDLE_IDENTIFIER = AG.AdiosTests;
				PRODUCT_NAME = "$(TARGET_NAME)";
				TEST_HOST = "$(BUILT_PRODUCTS_DIR)/Adios.app/Adios";
			};
			name = Debug;
		};
		C482258B1B3E86DD00B0AA7F /* Release */ = {
			isa = XCBuildConfiguration;
			buildSettings = {
				BUNDLE_LOADER = "$(TEST_HOST)";
				INFOPLIST_FILE = AdiosTests/Info.plist;
				LD_RUNPATH_SEARCH_PATHS = "$(inherited) @executable_path/Frameworks @loader_path/Frameworks";
				PRODUCT_BUNDLE_IDENTIFIER = AG.AdiosTests;
				PRODUCT_NAME = "$(TARGET_NAME)";
				TEST_HOST = "$(BUILT_PRODUCTS_DIR)/Adios.app/Adios";
			};
			name = Release;
		};
		C482258D1B3E86DD00B0AA7F /* Debug */ = {
			isa = XCBuildConfiguration;
			buildSettings = {
				INFOPLIST_FILE = AdiosUITests/Info.plist;
				LD_RUNPATH_SEARCH_PATHS = "$(inherited) @executable_path/Frameworks @loader_path/Frameworks";
				PRODUCT_BUNDLE_IDENTIFIER = AG.AdiosUITests;
				PRODUCT_NAME = "$(TARGET_NAME)";
				TEST_TARGET_NAME = Adios;
				USES_XCTRUNNER = YES;
			};
			name = Debug;
		};
		C482258E1B3E86DD00B0AA7F /* Release */ = {
			isa = XCBuildConfiguration;
			buildSettings = {
				INFOPLIST_FILE = AdiosUITests/Info.plist;
				LD_RUNPATH_SEARCH_PATHS = "$(inherited) @executable_path/Frameworks @loader_path/Frameworks";
				PRODUCT_BUNDLE_IDENTIFIER = AG.AdiosUITests;
				PRODUCT_NAME = "$(TARGET_NAME)";
				TEST_TARGET_NAME = Adios;
				USES_XCTRUNNER = YES;
			};
			name = Release;
		};
		C482259E1B3E86E800B0AA7F /* Debug */ = {
			isa = XCBuildConfiguration;
			baseConfigurationReference = C92F75532A4E330D8C72DD3B /* Pods.debug.xcconfig */;
			buildSettings = {
				CODE_SIGN_ENTITLEMENTS = List/List.entitlements;
				INFOPLIST_FILE = List/Info.plist;
				LD_RUNPATH_SEARCH_PATHS = "$(inherited) @executable_path/Frameworks @executable_path/../../Frameworks";
				PRODUCT_BUNDLE_IDENTIFIER = AG.Adios.List;
				PRODUCT_NAME = "$(TARGET_NAME)";
				SKIP_INSTALL = YES;
			};
			name = Debug;
		};
		C482259F1B3E86E800B0AA7F /* Release */ = {
			isa = XCBuildConfiguration;
			baseConfigurationReference = 533B0C0C4164229AFAFF6A64 /* Pods.release.xcconfig */;
			buildSettings = {
				CODE_SIGN_ENTITLEMENTS = List/List.entitlements;
				INFOPLIST_FILE = List/Info.plist;
				LD_RUNPATH_SEARCH_PATHS = "$(inherited) @executable_path/Frameworks @executable_path/../../Frameworks";
				PRODUCT_BUNDLE_IDENTIFIER = AG.Adios.List;
				PRODUCT_NAME = "$(TARGET_NAME)";
				SKIP_INSTALL = YES;
			};
			name = Release;
		};
/* End XCBuildConfiguration section */

/* Begin XCConfigurationList section */
		C408AF3A1B66C42E00E246A9 /* Build configuration list for PBXNativeTarget "Action" */ = {
			isa = XCConfigurationList;
			buildConfigurations = (
				C408AF381B66C42E00E246A9 /* Debug */,
				C408AF391B66C42E00E246A9 /* Release */,
			);
			defaultConfigurationIsVisible = 0;
			defaultConfigurationName = Release;
		};
		C48225591B3E86DC00B0AA7F /* Build configuration list for PBXProject "Adios" */ = {
			isa = XCConfigurationList;
			buildConfigurations = (
				C48225841B3E86DD00B0AA7F /* Debug */,
				C48225851B3E86DD00B0AA7F /* Release */,
			);
			defaultConfigurationIsVisible = 0;
			defaultConfigurationName = Release;
		};
		C48225861B3E86DD00B0AA7F /* Build configuration list for PBXNativeTarget "Adios" */ = {
			isa = XCConfigurationList;
			buildConfigurations = (
				C48225871B3E86DD00B0AA7F /* Debug */,
				C48225881B3E86DD00B0AA7F /* Release */,
			);
			defaultConfigurationIsVisible = 0;
			defaultConfigurationName = Release;
		};
		C48225891B3E86DD00B0AA7F /* Build configuration list for PBXNativeTarget "AdiosTests" */ = {
			isa = XCConfigurationList;
			buildConfigurations = (
				C482258A1B3E86DD00B0AA7F /* Debug */,
				C482258B1B3E86DD00B0AA7F /* Release */,
			);
			defaultConfigurationIsVisible = 0;
			defaultConfigurationName = Release;
		};
		C482258C1B3E86DD00B0AA7F /* Build configuration list for PBXNativeTarget "AdiosUITests" */ = {
			isa = XCConfigurationList;
			buildConfigurations = (
				C482258D1B3E86DD00B0AA7F /* Debug */,
				C482258E1B3E86DD00B0AA7F /* Release */,
			);
			defaultConfigurationIsVisible = 0;
			defaultConfigurationName = Release;
		};
		C482259D1B3E86E800B0AA7F /* Build configuration list for PBXNativeTarget "List" */ = {
			isa = XCConfigurationList;
			buildConfigurations = (
				C482259E1B3E86E800B0AA7F /* Debug */,
				C482259F1B3E86E800B0AA7F /* Release */,
			);
			defaultConfigurationIsVisible = 0;
			defaultConfigurationName = Release;
		};
/* End XCConfigurationList section */
	};
	rootObject = C48225561B3E86DC00B0AA7F /* Project object */;
}
